
Microsoft Visual Studio Solution File, Format Version 12.00
# Visual Studio 15
VisualStudioVersion = 15.0.28010.2003
MinimumVisualStudioVersion = 10.0.40219.1
Project("{FAE04EC0-301F-11D3-BF4B-00C04F79EFBC}") = "Smoulder", "Smoulder\Smoulder.csproj", "{C5099BF9-CF00-40CA-BE43-9D874392B6AA}"
EndProject
Project("{FAE04EC0-301F-11D3-BF4B-00C04F79EFBC}") = "Smoulder.Tests", "Smoulder.Tests\Smoulder.Tests.csproj", "{4885EBBC-FF60-45A6-B104-AB580D5152D4}"
EndProject
Project("{FAE04EC0-301F-11D3-BF4B-00C04F79EFBC}") = "Smoulder.ExampleApplication", "Smoulder.Application\Smoulder.ExampleApplication.csproj", "{71E15927-58C0-462B-931F-9A2752FE0756}"
EndProject
Global
	GlobalSection(SolutionConfigurationPlatforms) = preSolution
		Debug|Any CPU = Debug|Any CPU
		Release|Any CPU = Release|Any CPU
	EndGlobalSection
	GlobalSection(ProjectConfigurationPlatforms) = postSolution
		{C5099BF9-CF00-40CA-BE43-9D874392B6AA}.Debug|Any CPU.ActiveCfg = Debug|Any CPU
		{C5099BF9-CF00-40CA-BE43-9D874392B6AA}.Debug|Any CPU.Build.0 = Debug|Any CPU
		{C5099BF9-CF00-40CA-BE43-9D874392B6AA}.Release|Any CPU.ActiveCfg = Release|Any CPU
		{C5099BF9-CF00-40CA-BE43-9D874392B6AA}.Release|Any CPU.Build.0 = Release|Any CPU
		{4885EBBC-FF60-45A6-B104-AB580D5152D4}.Debug|Any CPU.ActiveCfg = Debug|Any CPU
		{4885EBBC-FF60-45A6-B104-AB580D5152D4}.Debug|Any CPU.Build.0 = Debug|Any CPU
		{4885EBBC-FF60-45A6-B104-AB580D5152D4}.Release|Any CPU.ActiveCfg = Release|Any CPU
		{4885EBBC-FF60-45A6-B104-AB580D5152D4}.Release|Any CPU.Build.0 = Release|Any CPU
		{71E15927-58C0-462B-931F-9A2752FE0756}.Debug|Any CPU.ActiveCfg = Debug|Any CPU
		{71E15927-58C0-462B-931F-9A2752FE0756}.Debug|Any CPU.Build.0 = Debug|Any CPU
		{71E15927-58C0-462B-931F-9A2752FE0756}.Release|Any CPU.ActiveCfg = Release|Any CPU
		{71E15927-58C0-462B-931F-9A2752FE0756}.Release|Any CPU.Build.0 = Release|Any CPU
	EndGlobalSection
	GlobalSection(SolutionProperties) = preSolution
		HideSolutionNode = FALSE
	EndGlobalSection
	GlobalSection(ExtensibilityGlobals) = postSolution
		SolutionGuid = {B7F016F6-5D8C-43B4-89BA-2A464A24048E}
	EndGlobalSection
EndGlobal
