
Microsoft Visual Studio Solution File, Format Version 12.00
# Visual Studio 15
VisualStudioVersion = 15.0.28010.2003
MinimumVisualStudioVersion = 10.0.40219.1
Project("{9A19103F-16F7-4668-BE54-9A1E7A4F7556}") = "Smoulder", "Smoulder\Smoulder.csproj", "{C5099BF9-CF00-40CA-BE43-9D874392B6AA}"
EndProject
Project("{9A19103F-16F7-4668-BE54-9A1E7A4F7556}") = "Smoulder.ExampleApplication", "Smoulder.Application\Smoulder.ExampleApplication.csproj", "{71E15927-58C0-462B-931F-9A2752FE0756}"
EndProject
Project("{9A19103F-16F7-4668-BE54-9A1E7A4F7556}") = "TemperatureAnalysis", "TemperatureAnalysis\TemperatureAnalysis.csproj", "{97FB3E1D-0F72-46D5-929F-8073CF842C2B}"
EndProject
Project("{FAE04EC0-301F-11D3-BF4B-00C04F79EFBC}") = "StockMarketAnalysis", "StockMarketAnalysis\StockMarketAnalysis.csproj", "{05970FF8-B704-4B3E-BF26-E5275765F40D}"
EndProject
Project("{FAE04EC0-301F-11D3-BF4B-00C04F79EFBC}") = "TrainDataListener", "TrainDataListener\TrainDataListener.csproj", "{5DE5AF99-AE9C-4D1C-9A5D-AD388E59089D}"
EndProject
Project("{2150E333-8FDC-42A3-9474-1A3956D46DE8}") = "TestBedProjects", "TestBedProjects", "{EF9D8DCE-FDE6-4C49-B64F-0521E188BFC0}"
EndProject
Global
	GlobalSection(SolutionConfigurationPlatforms) = preSolution
		Debug|Any CPU = Debug|Any CPU
		Release|Any CPU = Release|Any CPU
	EndGlobalSection
	GlobalSection(ProjectConfigurationPlatforms) = postSolution
		{C5099BF9-CF00-40CA-BE43-9D874392B6AA}.Debug|Any CPU.ActiveCfg = Debug|Any CPU
		{C5099BF9-CF00-40CA-BE43-9D874392B6AA}.Debug|Any CPU.Build.0 = Debug|Any CPU
		{C5099BF9-CF00-40CA-BE43-9D874392B6AA}.Release|Any CPU.ActiveCfg = Release|Any CPU
		{C5099BF9-CF00-40CA-BE43-9D874392B6AA}.Release|Any CPU.Build.0 = Release|Any CPU
		{71E15927-58C0-462B-931F-9A2752FE0756}.Debug|Any CPU.ActiveCfg = Debug|Any CPU
		{71E15927-58C0-462B-931F-9A2752FE0756}.Debug|Any CPU.Build.0 = Debug|Any CPU
		{71E15927-58C0-462B-931F-9A2752FE0756}.Release|Any CPU.ActiveCfg = Release|Any CPU
		{71E15927-58C0-462B-931F-9A2752FE0756}.Release|Any CPU.Build.0 = Release|Any CPU
		{97FB3E1D-0F72-46D5-929F-8073CF842C2B}.Debug|Any CPU.ActiveCfg = Debug|Any CPU
		{97FB3E1D-0F72-46D5-929F-8073CF842C2B}.Debug|Any CPU.Build.0 = Debug|Any CPU
		{97FB3E1D-0F72-46D5-929F-8073CF842C2B}.Release|Any CPU.ActiveCfg = Release|Any CPU
		{97FB3E1D-0F72-46D5-929F-8073CF842C2B}.Release|Any CPU.Build.0 = Release|Any CPU
		{05970FF8-B704-4B3E-BF26-E5275765F40D}.Debug|Any CPU.ActiveCfg = Debug|Any CPU
		{05970FF8-B704-4B3E-BF26-E5275765F40D}.Debug|Any CPU.Build.0 = Debug|Any CPU
		{05970FF8-B704-4B3E-BF26-E5275765F40D}.Release|Any CPU.ActiveCfg = Release|Any CPU
		{05970FF8-B704-4B3E-BF26-E5275765F40D}.Release|Any CPU.Build.0 = Release|Any CPU
		{5DE5AF99-AE9C-4D1C-9A5D-AD388E59089D}.Debug|Any CPU.ActiveCfg = Debug|Any CPU
		{5DE5AF99-AE9C-4D1C-9A5D-AD388E59089D}.Debug|Any CPU.Build.0 = Debug|Any CPU
		{5DE5AF99-AE9C-4D1C-9A5D-AD388E59089D}.Release|Any CPU.ActiveCfg = Release|Any CPU
		{5DE5AF99-AE9C-4D1C-9A5D-AD388E59089D}.Release|Any CPU.Build.0 = Release|Any CPU
	EndGlobalSection
	GlobalSection(SolutionProperties) = preSolution
		HideSolutionNode = FALSE
	EndGlobalSection
	GlobalSection(NestedProjects) = preSolution
		{71E15927-58C0-462B-931F-9A2752FE0756} = {EF9D8DCE-FDE6-4C49-B64F-0521E188BFC0}
		{97FB3E1D-0F72-46D5-929F-8073CF842C2B} = {EF9D8DCE-FDE6-4C49-B64F-0521E188BFC0}
		{05970FF8-B704-4B3E-BF26-E5275765F40D} = {EF9D8DCE-FDE6-4C49-B64F-0521E188BFC0}
		{5DE5AF99-AE9C-4D1C-9A5D-AD388E59089D} = {EF9D8DCE-FDE6-4C49-B64F-0521E188BFC0}
	EndGlobalSection
	GlobalSection(ExtensibilityGlobals) = postSolution
		SolutionGuid = {B7F016F6-5D8C-43B4-89BA-2A464A24048E}
	EndGlobalSection
EndGlobal
